
Microsoft Visual Studio Solution File, Format Version 12.00
# Visual Studio 15
VisualStudioVersion = 15.0.28307.852
MinimumVisualStudioVersion = 10.0.40219.1
Project("{8BC9CEB8-8B4A-11D0-8D11-00A0C91BC942}") = "multiServer", "multiServer\multiServer.vcxproj", "{D80FE855-9829-423D-B6D8-BC6229BFFE2B}"
EndProject
Project("{8BC9CEB8-8B4A-11D0-8D11-00A0C91BC942}") = "multiClient", "multiClient\multiClient.vcxproj", "{CF1ABDB4-966A-41FC-B5EC-E7068E1DA319}"
EndProject
Global
	GlobalSection(SolutionConfigurationPlatforms) = preSolution
		Debug|x64 = Debug|x64
		Debug|x86 = Debug|x86
		Release|x64 = Release|x64
		Release|x86 = Release|x86
	EndGlobalSection
	GlobalSection(ProjectConfigurationPlatforms) = postSolution
		{D80FE855-9829-423D-B6D8-BC6229BFFE2B}.Debug|x64.ActiveCfg = Debug|x64
		{D80FE855-9829-423D-B6D8-BC6229BFFE2B}.Debug|x64.Build.0 = Debug|x64
		{D80FE855-9829-423D-B6D8-BC6229BFFE2B}.Debug|x86.ActiveCfg = Debug|Win32
		{D80FE855-9829-423D-B6D8-BC6229BFFE2B}.Debug|x86.Build.0 = Debug|Win32
		{D80FE855-9829-423D-B6D8-BC6229BFFE2B}.Release|x64.ActiveCfg = Release|x64
		{D80FE855-9829-423D-B6D8-BC6229BFFE2B}.Release|x64.Build.0 = Release|x64
		{D80FE855-9829-423D-B6D8-BC6229BFFE2B}.Release|x86.ActiveCfg = Release|Win32
		{D80FE855-9829-423D-B6D8-BC6229BFFE2B}.Release|x86.Build.0 = Release|Win32
		{CF1ABDB4-966A-41FC-B5EC-E7068E1DA319}.Debug|x64.ActiveCfg = Debug|x64
		{CF1ABDB4-966A-41FC-B5EC-E7068E1DA319}.Debug|x64.Build.0 = Debug|x64
		{CF1ABDB4-966A-41FC-B5EC-E7068E1DA319}.Debug|x86.ActiveCfg = Debug|Win32
		{CF1ABDB4-966A-41FC-B5EC-E7068E1DA319}.Debug|x86.Build.0 = Debug|Win32
		{CF1ABDB4-966A-41FC-B5EC-E7068E1DA319}.Release|x64.ActiveCfg = Release|x64
		{CF1ABDB4-966A-41FC-B5EC-E7068E1DA319}.Release|x64.Build.0 = Release|x64
		{CF1ABDB4-966A-41FC-B5EC-E7068E1DA319}.Release|x86.ActiveCfg = Release|Win32
		{CF1ABDB4-966A-41FC-B5EC-E7068E1DA319}.Release|x86.Build.0 = Release|Win32
	EndGlobalSection
	GlobalSection(SolutionProperties) = preSolution
		HideSolutionNode = FALSE
	EndGlobalSection
	GlobalSection(ExtensibilityGlobals) = postSolution
		SolutionGuid = {C28B8618-3C7C-45B5-8090-338E2A14BD06}
	EndGlobalSection
EndGlobal
